github.com/cespare/xxhash/v2 v2.3.0 h1:UL815xU9SqsFlibzuggzjXhog7bL6oX9BbNZnL2UFvs=
github.com/cespare/xxhash/v2 v2.3.0/go.mod h1:VGX0DQ3Q6kWi7AoAeZDth3/j3BFtOZR5XLFGgcrjCOs=
github.com/go-logr/logr v1.4.3 h1:CjnDlHq8ikf6E492q6eKboGOC0T8CDaOvkHCIg8idEI=
github.com/go-logr/logr v1.4.3/go.mod h1:9T104GzyrTigFIr8wt5mBrctHMim0Nb2HLGrmQ40KvY=
github.com/go-logr/stdr v1.2.2 h1:hSWxHoqTgW2S2qGc0LTAI563KZ5YKYRhT3MFKZMbjag=
github.com/go-logr/stdr v1.2.2/go.mod h1:mMo/vtBO5dYbehREoey6XUKy/eSumjCCveDpRre4VKE=
github.com/golang/protobuf v1.5.4 h1:i7eJL8qZTpSEXOPTxNKhASYpMn+8e5Q6AdndVa1dWek=
github.com/golang/protobuf v1.5.4/go.mod h1:lnTiLA8Wa4RWRcIUkrtSVa5nRhsEGBg48fD6rSs7xps=
github.com/google/go-cmp v0.7.0 h1:wk8382ETsv4JYUZwIsn6YpYiWiBsYLSJiTsyBybVuN8=
github.com/google/go-cmp v0.7.0/go.mod h1:pXiqmnSA92OHEEa9HXL2W4E7lf9JzCmGVUdgjX3N/iU=
github.com/google/uuid v1.6.0 h1:NIvaJDMOsjHA8n1jAhLSgzrAzy1Hgr+hNrb57e+94F0=
github.com/google/uuid v1.6.0/go.mod h1:TIyPZe4MgqvfeYDBFedMoGGpEw/LqOeaOT+nhxU+yHo=
go.opentelemetry.io/auto/sdk v1.2.1 h1:jXsnJ4Lmnqd11kwkBV2LgLoFMZKizbCi5fNZ/ipaZ64=
go.opentelemetry.io/auto/sdk v1.2.1/go.mod h1:KRTj+aOaElaLi+wW1kO/DZRXwkF4C5xPbEe3ZiIhN7Y=
go.opentelemetry.io/otel v1.42.0 h1:lSQGzTgVR3+sgJDAU/7/ZMjN9Z+vUip7leaqBKy4sho=
go.opentelemetry.io/otel v1.42.0/go.mod h1:lJNsdRMxCUIWuMlVJWzecSMuNjE7dOYyWlqOXWkdqCc=
go.opentelemetry.io/otel/metric v1.42.0 h1:2jXG+3oZLNXEPfNmnpxKDeZsFI5o4J+nz6xUlaFdF/4=
go.opentelemetry.io/otel/metric v1.42.0/go.mod h1:RlUN/7vTU7Ao/diDkEpQpnz3/92J9ko05BIwxYa2SSI=
go.opentelemetry.io/otel/sdk v1.42.0 h1:LyC8+jqk6UJwdrI/8VydAq/hvkFKNHZVIWuslJXYsDo=
go.opentelemetry.io/otel/sdk v1.42.0/go.mod h1:rGHCAxd9DAph0joO4W6OPwxjNTYWghRWmkHuGbayMts=
go.opentelemetry.io/otel/sdk/metric v1.42.0 h1:D/1QR46Clz6ajyZ3G8SgNlTJKBdGp84q9RKCAZ3YGuA=
go.opentelemetry.io/otel/sdk/metric v1.42.0/go.mod h1:Ua6AAlDKdZ7tdvaQKfSmnFTdHx37+J4ba8MwVCYM5hc=
go.opentelemetry.io/otel/trace v1.42.0 h1:OUCgIPt+mzOnaUTpOQcBiM/PLQ/Op7oq6g4LenLmOYY=
go.opentelemetry.io/otel/trace v1.42.0/go.mod h1:f3K9S+IFqnumBkKhRJMeaZeNk9epyhnCmQh/EysQCdc=
golang.org/x/net v0.52.0 h1:He/TN1l0e4mmR3QqHMT2Xab3Aj3L9qjbhRm78/6jrW0=
golang.org/x/net v0.52.0/go.mod h1:R1MAz7uMZxVMualyPXb+VaqGSa3LIaUqk0eEt3w36Sw=
golang.org/x/net v0.53.0 h1:d+qAbo5L0orcWAr0a9JweQpjXF19LMXJE8Ey7hwOdUA=
golang.org/x/net v0.53.0/go.mod h1:JvMuJH7rrdiCfbeHoo3fCQU24Lf5JJwT9W3sJFulfgs=
golang.org/x/net v0.55.0 h1:bcvxaJn3e1U6InsFWt1JUq1aSjnRxLzT2rtD2KfkDF8=
golang.org/x/net v0.55.0/go.mod h1:L5U2KuzuOe1lY7Z+aWVIKK6qEeJXnXV9yzGA+WCHJww=
golang.org/x/net v0.57.0 h1:K5+3DljvIuDG9/Jv9rvyMywYNFCQ9RSUY6OOTTkT+tE=
golang.org/x/net v0.57.0/go.mod h1:KpXc8iv+r3XplLAG/f7Jsf9RPszJzdR0f58q9vGOuEU=
golang.org/x/net v0.58.0 h1:ynWG7rqYi4ccpTEuPZ2QGWHktVEM9DMCj9yzDE0Q7To=
golang.org/x/net v0.58.0/go.mod h1:YwCddHnFlT7eLQqVprV19OnhLGtc5xOKgE0RyqgfWAU=
golang.org/x/sys v0.42.0 h1:omrd2nAlyT5ESRdCLYdm3+fMfNFE/+Rf4bDIQImRJeo=
golang.org/x/sys v0.42.0/go.mod h1:4GL1E5IUh+htKOUEOaiffhrAeqysfVGipDYzABqnCmw=
golang.org/x/sys v0.43.0 h1:Rlag2XtaFTxp19wS8MXlJwTvoh8ArU6ezoyFsMyCTNI=
golang.org/x/sys v0.43.0/go.mod h1:4GL1E5IUh+htKOUEOaiffhrAeqysfVGipDYzABqnCmw=
golang.org/x/sys v0.45.0 h1:dO4czNzziLiiXplLQgBCEpCvXQ3dnkn0SdaZSYdQ+FY=
golang.org/x/sys v0.45.0/go.mod h1:4GL1E5IUh+htKOUEOaiffhrAeqysfVGipDYzABqnCmw=
golang.org/x/sys v0.47.0 h1:o7XGOvZQCADBQQ4Y7VNq2dRWQR7JmOUW8Kxx4ZsNgWs=
golang.org/x/sys v0.47.0/go.mod h1:4GL1E5IUh+htKOUEOaiffhrAeqysfVGipDYzABqnCmw=
golang.org/x/text v0.35.0 h1:JOVx6vVDFokkpaq1AEptVzLTpDe9KGpj5tR4/X+ybL8=
golang.org/x/text v0.35.0/go.mod h1:khi/HExzZJ2pGnjenulevKNX1W67CUy0AsXcNubPGCA=
golang.org/x/text v0.36.0 h1:JfKh3XmcRPqZPKevfXVpI1wXPTqbkE5f7JA92a55Yxg=
golang.org/x/text v0.36.0/go.mod h1:NIdBknypM8iqVmPiuco0Dh6P5Jcdk8lJL0CUebqK164=
golang.org/x/text v0.37.0 h1:Cqjiwd9eSg8e0QAkyCaQTNHFIIzWtidPahFWR83rTrc=
golang.org/x/text v0.37.0/go.mod h1:a5sjxXGs9hsn/AJVwuElvCAo9v8QYLzvavO5z2PiM38=
golang.org/x/text v0.40.0 h1:Ub2Z6/xjgF1WrYQz2nuITOEegKFtiIy+rieRJ5lHZKs=
golang.org/x/text v0.40.0/go.mod h1:hpnzDAfGV753zIKo+wk3u1bVKCGPbrnF7+7LBF/UHVY=
golang.org/x/text v0.41.0 h1:vz/seA0lnX87Othu2f/0L24RcgrXD9/YFTSuGjj3rH8=
golang.org/x/text v0.41.0/go.mod h1:jvf1O8ajNzZqhSrQBPbutR/EB83Cc0CFrezNQIwbb5M=
gonum.org/v1/gonum v0.16.0 h1:5+ul4Swaf3ESvrOnidPp4GZbzf0mxVQpDCYUQE7OJfk=
gonum.org/v1/gonum v0.16.0/go.mod h1:fef3am4MQ93R2HHpKnLk4/Tbh/s0+wqD5nfa6Pnwy4E=
google.golang.org/genproto/googleapis/rpc v0.0.0-20260316180232-0b37fe3546d5 h1:aJmi6DVGGIStN9Mobk/tZOOQUBbj0BPjZjjnOdoZKts=
google.golang.org/genproto/googleapis/rpc v0.0.0-20260316180232-0b37fe3546d5/go.mod h1:4Hqkh8ycfw05ld/3BWL7rJOSfebL2Q+DVDeRgYgxUU8=
google.golang.org/genproto/googleapis/rpc v0.0.0-20260414002931-afd174a4e478 h1:RmoJA1ujG+/lRGNfUnOMfhCy5EipVMyvUE+KNbPbTlw=
google.golang.org/genproto/googleapis/rpc v0.0.0-20260414002931-afd174a4e478/go.mod h1:4Hqkh8ycfw05ld/3BWL7rJOSfebL2Q+DVDeRgYgxUU8=
google.golang.org/genproto/googleapis/rpc v0.0.0-20260526163538-3dc84a4a5aaa h1:mZHHdPZl0dbGHCflZgAq/Q468DWVFcU2whhB2KAo8fk=
google.golang.org/genproto/googleapis/rpc v0.0.0-20260526163538-3dc84a4a5aaa/go.mod h1:4Hqkh8ycfw05ld/3BWL7rJOSfebL2Q+DVDeRgYgxUU8=
google.golang.org/genproto/googleapis/rpc v0.0.0-20260706201446-f0a921348800 h1:qEHAMpSaUhtD0p3NbEEI83HwNGFxEwaSJ1G9PLnCBZE=
google.golang.org/genproto/googleapis/rpc v0.0.0-20260706201446-f0a921348800/go.mod h1:4Hqkh8ycfw05ld/3BWL7rJOSfebL2Q+DVDeRgYgxUU8=
google.golang.org/genproto/googleapis/rpc v0.0.0-20260817212433-ac3dfec99bb1 h1:utmqiUzZAEINbLmRyAt1QjVkMyLQ+lvIwCpLaB1rZfw=
google.golang.org/genproto/googleapis/rpc v0.0.0-20260817212433-ac3dfec99bb1/go.mod h1:4Hqkh8ycfw05ld/3BWL7rJOSfebL2Q+DVDeRgYgxUU8=
google.golang.org/grpc v1.79.3 h1:sybAEdRIEtvcD68Gx7dmnwjZKlyfuc61Dyo9pGXXkKE=
google.golang.org/grpc v1.79.3/go.mod h1:KmT0Kjez+0dde/v2j9vzwoAScgEPx/Bw1CYChhHLrHQ=
google.golang.org/grpc v1.80.0 h1:Xr6m2WmWZLETvUNvIUmeD5OAagMw3FiKmMlTdViWsHM=
google.golang.org/grpc v1.80.0/go.mod h1:ho/dLnxwi3EDJA4Zghp7k2Ec1+c2jqup0bFkw07bwF4=
google.golang.org/grpc v1.81.0 h1:W3G9N3KQf3BU+YuCtGKJk0CmxQNbAISICD/9AORxLIw=
google.golang.org/grpc v1.81.0/go.mod h1:xGH9GfzOyMTGIOXBJmXt+BX/V0kcdQbdcuwQ/zNw42I=
google.golang.org/grpc v1.81.1 h1:VnnIIZ88UzOOKLukQi+ImGz8O1Wdp8nAGGnvOfEIWQQ=
google.golang.org/grpc v1.81.1/go.mod h1:xGH9GfzOyMTGIOXBJmXt+BX/V0kcdQbdcuwQ/zNw42I=
google.golang.org/grpc v1.82.0 h1:vguDnZUPjE26w09A63VoxZPnvPjB5Riyc0mkXPFmAIU=
google.golang.org/grpc v1.82.0/go.mod h1:yzTZ1TB1Z3SG+LIYaI+WiE8D5+PZ3ArnrSp8zF3+/ZA=
google.golang.org/grpc v1.82.1 h1:NnAxzGRA0677vCa4BUkOAnO5+FfQqVl9iUXeD0IqcGE=
google.golang.org/grpc v1.82.1/go.mod h1:yzTZ1TB1Z3SG+LIYaI+WiE8D5+PZ3ArnrSp8zF3+/ZA=
google.golang.org/grpc v1.83.0 h1:JeNZEKJFbQxArAMl+hiytHauacDNqJUllNfmIMmpqnQ=
google.golang.org/grpc v1.83.0/go.mod h1:kDyl6SKsiHKt0uylY5gtn5cEjkrIOhQOGDgIc4JGwzQ=
google.golang.org/grpc v1.83.1 h1:HIO0+BEtBP6soyqvqC8sNUjZ7bTs+0hFQuFF+RAy++Y=
google.golang.org/grpc v1.83.1/go.mod h1:kDyl6SKsiHKt0uylY5gtn5cEjkrIOhQOGDgIc4JGwzQ=
google.golang.org/grpc v1.83.2 h1:EManeRomTObA0BU7I8vXgg/78uE5MJ9M8B39EX2WscU=
google.golang.org/grpc v1.83.2/go.mod h1:YPI1hK3kDked6iHvgX3tR0y+nX/qpMFKhPgFsokw1S8=
google.golang.org/grpc/examples v0.0.0-20260318074645-12e91ddb6df6 h1:T2BRvEuhGb8xbZd+QoV/hJ10tyclSbzVaRnxWJVqLvk=
google.golang.org/grpc/examples v0.0.0-20260318074645-12e91ddb6df6/go.mod h1:j/6+OA1GHt8bu2ZkJxLWufKDhhYor5yjGCLKBDUf9GI=
google.golang.org/grpc/examples v0.0.0-20260403000845-aa4d281834e2 h1:Kys61sTPaQ0ySKMOr7oh+UNzKARNuAdhRXEHF0c+GZg=
google.golang.org/grpc/examples v0.0.0-20260403000845-aa4d281834e2/go.mod h1:j/6+OA1GHt8bu2ZkJxLWufKDhhYor5yjGCLKBDUf9GI=
google.golang.org/grpc/examples v0.0.0-20260408065024-1c132b9bfcd9 h1:i/vEjF/g/qZBDaJf3yzSO5ntaL6qwQlzRB8iTUfsEQg=
google.golang.org/grpc/examples v0.0.0-20260408065024-1c132b9bfcd9/go.mod h1:C4G0r0s+GZQaw3INYyrjKxC4m/hSRjfmsfq7/DspAh8=
google.golang.org/grpc/examples v0.0.0-20260422104008-ac4aa01bd485 h1:JhKskYzWUmtEkLKtnC52EwG6lL9NBErEmbKRzcmJWV8=
google.golang.org/grpc/examples v0.0.0-20260422104008-ac4aa01bd485/go.mod h1:Cj6Qdy58KTzw400M0aa1PA3rNLrhQgPFdqXxShtOXmM=
google.golang.org/grpc/examples v0.0.0-20260430174543-850cc543aa3c h1:OJd5H8OvJ+tZUkiDI5oEztCgtu7VdFAuXqWQvnC4m70=
google.golang.org/grpc/examples v0.0.0-20260430174543-850cc543aa3c/go.mod h1:Cj6Qdy58KTzw400M0aa1PA3rNLrhQgPFdqXxShtOXmM=
google.golang.org/grpc/examples v0.0.0-20260505151540-811290b5776c h1:NgUXlUwxdgPE2K6ZJ57FyfR6i2ACLXq+0YuhWY4ntbU=
google.golang.org/grpc/examples v0.0.0-20260505151540-811290b5776c/go.mod h1:Cj6Qdy58KTzw400M0aa1PA3rNLrhQgPFdqXxShtOXmM=
google.golang.org/grpc/examples v0.0.0-20260506071619-89fe783a79a4 h1:H5J22vWh80nAX/Cx4oTdJxPV8tY9PEjqazm4KXsefnw=
google.golang.org/grpc/examples v0.0.0-20260506071619-89fe783a79a4/go.mod h1:Cj6Qdy58KTzw400M0aa1PA3rNLrhQgPFdqXxShtOXmM=
google.golang.org/grpc/examples v0.0.0-20260507050753-1c63fa5f5492 h1:NJ0BBxc/K5yXztd59pODDw3ce7Ft132Gkv3elR/47ww=
google.golang.org/grpc/examples v0.0.0-20260507050753-1c63fa5f5492/go.mod h1:Cj6Qdy58KTzw400M0aa1PA3rNLrhQgPFdqXxShtOXmM=
google.golang.org/grpc/examples v0.0.0-20260513170209-fd8a1060a84d h1:IXIbdvO1UHlFhghOxGLd3je3yIu+Y0CD8T+ZLKUaUTg=
google.golang.org/grpc/examples v0.0.0-20260513170209-fd8a1060a84d/go.mod h1:Cj6Qdy58KTzw400M0aa1PA3rNLrhQgPFdqXxShtOXmM=
google.golang.org/grpc/examples v0.0.0-20260515205658-660208049b96 h1:M3a7Ly6+Htc1eN6iLrZuRw/br4WrJXpplRcMDiB3gwc=
google.golang.org/grpc/examples v0.0.0-20260515205658-660208049b96/go.mod h1:Cj6Qdy58KTzw400M0aa1PA3rNLrhQgPFdqXxShtOXmM=
google.golang.org/grpc/examples v0.0.0-20260518192101-bb023f846c01 h1:/n56HC/fi9b1os0u1ruCrWFArpH55UMnchGvZGAWWlo=
google.golang.org/grpc/examples v0.0.0-20260518192101-bb023f846c01/go.mod h1:Cj6Qdy58KTzw400M0aa1PA3rNLrhQgPFdqXxShtOXmM=
google.golang.org/grpc/examples v0.0.0-20260520054942-4ee6ac46fada h1:bu6mDuHCvMZUIWpqZ0YQ9yU8tUaPdbwWg9Xw6WPdKTg=
google.golang.org/grpc/examples v0.0.0-20260520054942-4ee6ac46fada/go.mod h1:Cj6Qdy58KTzw400M0aa1PA3rNLrhQgPFdqXxShtOXmM=
google.golang.org/grpc/examples v0.0.0-20260521035345-037c6efe40c3 h1:WVqLD2LTTiW8LeoAckSkhWliVZPS2KtN1SNM1SbldAU=
google.golang.org/grpc/examples v0.0.0-20260521035345-037c6efe40c3/go.mod h1:Cj6Qdy58KTzw400M0aa1PA3rNLrhQgPFdqXxShtOXmM=
google.golang.org/grpc/examples v0.0.0-20260522050912-609310837bbc h1:B/h29KyBm9IpUdxsFR6zqvRRTwviBI4CDjcB5U2v+6Y=
google.golang.org/grpc/examples v0.0.0-20260522050912-609310837bbc/go.mod h1:Cj6Qdy58KTzw400M0aa1PA3rNLrhQgPFdqXxShtOXmM=
google.golang.org/grpc/examples v0.0.0-20260522210837-db35da8bc5e8 h1:l8U0xOPDFnPsBCPho4zrwlqaXIo0XMybNkEL+XaCTsc=
google.golang.org/grpc/examples v0.0.0-20260522210837-db35da8bc5e8/go.mod h1:Cj6Qdy58KTzw400M0aa1PA3rNLrhQgPFdqXxShtOXmM=
google.golang.org/grpc/examples v0.0.0-20260527053358-18a8d3db8833 h1:ugZxvQm63iHUjNNYKyI5uFyJRlaIOQW+VvUxQ1FdwFk=
google.golang.org/grpc/examples v0.0.0-20260527053358-18a8d3db8833/go.mod h1:Cj6Qdy58KTzw400M0aa1PA3rNLrhQgPFdqXxShtOXmM=
google.golang.org/grpc/examples v0.0.0-20260527181213-761e655b13e8 h1:nz2hm7M3Vrax1M/pab+XFNuFjEpoDeHyqMLF+jCKTHA=
google.golang.org/grpc/examples v0.0.0-20260527181213-761e655b13e8/go.mod h1:Cj6Qdy58KTzw400M0aa1PA3rNLrhQgPFdqXxShtOXmM=
google.golang.org/grpc/examples v0.0.0-20260527195005-b58f32d9ff07 h1:S1Y3430cYUvynM4kD5uSMpQpuNok1Az1hNHu/yLZNtY=
google.golang.org/grpc/examples v0.0.0-20260527195005-b58f32d9ff07/go.mod h1:Cj6Qdy58KTzw400M0aa1PA3rNLrhQgPFdqXxShtOXmM=
google.golang.org/grpc/examples v0.0.0-20260601113647-57c9ff14e05b h1:9l4k5YzbaW7wbuJHgHTAx0XgGDdOafU3Q5xpgE7myC0=
google.golang.org/grpc/examples v0.0.0-20260601113647-57c9ff14e05b/go.mod h1:Cj6Qdy58KTzw400M0aa1PA3rNLrhQgPFdqXxShtOXmM=
google.golang.org/grpc/examples v0.0.0-20260602085857-adc97de9521a h1:L5h/Nn/djqohn9/aXwt9VKsjONCHmdonWbHgZTZtD2M=
google.golang.org/grpc/examples v0.0.0-20260602085857-adc97de9521a/go.mod h1:Cj6Qdy58KTzw400M0aa1PA3rNLrhQgPFdqXxShtOXmM=
google.golang.org/grpc/examples v0.0.0-20260603173933-91dd64f4b83c h1:QdxKEcEiL5x2zQHc+rd9lyahMabNjnxY8z7ekBvX2wI=
google.golang.org/grpc/examples v0.0.0-20260603173933-91dd64f4b83c/go.mod h1:Cj6Qdy58KTzw400M0aa1PA3rNLrhQgPFdqXxShtOXmM=
google.golang.org/grpc/examples v0.0.0-20260604061855-fef07fbb2b94 h1:z5W1VQexFHID9030EmAcDZ44D0HJiCCaG2a2m/uXLDg=
google.golang.org/grpc/examples v0.0.0-20260604061855-fef07fbb2b94/go.mod h1:Cj6Qdy58KTzw400M0aa1PA3rNLrhQgPFdqXxShtOXmM=
google.golang.org/grpc/examples v0.0.0-20260605180800-0f3086db7a75 h1:AEIy9rWQCaqGLD5thytE2ox41wjT4vOe43/yh2enp+A=
google.golang.org/grpc/examples v0.0.0-20260605180800-0f3086db7a75/go.mod h1:Cj6Qdy58KTzw400M0aa1PA3rNLrhQgPFdqXxShtOXmM=
google.golang.org/grpc/examples v0.0.0-20260608101438-cd257117bbda h1:J3WD8NYNNO6hVScBYPxC4LQKxJX3gxVJxnqfYIK0v5I=
google.golang.org/grpc/examples v0.0.0-20260608101438-cd257117bbda/go.mod h1:Cj6Qdy58KTzw400M0aa1PA3rNLrhQgPFdqXxShtOXmM=
google.golang.org/grpc/examples v0.0.0-20260612120310-5c7f93679ec9 h1:sh03Cw/trjmPP9fAg7h1Alz+7FfQDo9dfYmK3uMrfPE=
google.golang.org/grpc/examples v0.0.0-20260612120310-5c7f93679ec9/go.mod h1:Fgm3Q0MFOx7KB6YbgprLb5U+9lMSZum5Da71E+6V67c=
google.golang.org/grpc/examples v0.0.0-20260622053734-8d66cfc36ad1 h1://OTxQTgQ6w6ZEUKazZvatA56+YggIwDZwQ7k3q0rtg=
google.golang.org/grpc/examples v0.0.0-20260622053734-8d66cfc36ad1/go.mod h1:Fgm3Q0MFOx7KB6YbgprLb5U+9lMSZum5Da71E+6V67c=
google.golang.org/grpc/examples v0.0.0-20260624080747-11d0baf8345f h1:hxcHJ6iF2DSbUFw7si/QeIhc8j3ow9RT/HlSf9i+H2g=
google.golang.org/grpc/examples v0.0.0-20260624080747-11d0baf8345f/go.mod h1:Fgm3Q0MFOx7KB6YbgprLb5U+9lMSZum5Da71E+6V67c=
google.golang.org/grpc/examples v0.0.0-20260625164017-83728f5ca723 h1:bJ7FVuKQ9Tf0499nh3y4xxxaODhbhdLgsUb6W0/TLPw=
google.golang.org/grpc/examples v0.0.0-20260625164017-83728f5ca723/go.mod h1:Fgm3Q0MFOx7KB6YbgprLb5U+9lMSZum5Da71E+6V67c=
google.golang.org/grpc/examples v0.0.0-20260625202006-d74861eb76cc h1:MQkNpVE7TAL07f0/W2tRG177ZvET5tDgPk0k5O4JHVk=
google.golang.org/grpc/examples v0.0.0-20260625202006-d74861eb76cc/go.mod h1:Fgm3Q0MFOx7KB6YbgprLb5U+9lMSZum5Da71E+6V67c=
google.golang.org/grpc/examples v0.0.0-20260630125735-484f1502aea2 h1:SfT/3NlF8jrwp0yBcXb45SyDdRkX8A1lsL0pZfyOzCA=
google.golang.org/grpc/examples v0.0.0-20260630125735-484f1502aea2/go.mod h1:Fgm3Q0MFOx7KB6YbgprLb5U+9lMSZum5Da71E+6V67c=
google.golang.org/grpc/examples v0.0.0-20260701193645-26ffdb33175d h1:DbSWiNF4AwM516rH3fCTr29KcL/9YAZN9JpLAUFzKfc=
google.golang.org/grpc/examples v0.0.0-20260701193645-26ffdb33175d/go.mod h1:Fgm3Q0MFOx7KB6YbgprLb5U+9lMSZum5Da71E+6V67c=
google.golang.org/grpc/examples v0.0.0-20260703080509-1a80fca960d3 h1:K+xNpBw6N3io9mbrau3AJHdLIijXvg7BGCu2vxI9xBA=
google.golang.org/grpc/examples v0.0.0-20260703080509-1a80fca960d3/go.mod h1:Fgm3Q0MFOx7KB6YbgprLb5U+9lMSZum5Da71E+6V67c=
google.golang.org/grpc/examples v0.0.0-20260708112541-2a112a82f5c5 h1:3p/S1IC4m5mQhuBEb6ZKDxlUZ0Xwd210AIfIQYJsZF0=
google.golang.org/grpc/examples v0.0.0-20260708112541-2a112a82f5c5/go.mod h1:Fgm3Q0MFOx7KB6YbgprLb5U+9lMSZum5Da71E+6V67c=
google.golang.org/grpc/examples v0.0.0-20260714060836-b07d146bf847 h1:ASuqbXBkOeIHqoaEfAsxoregSTctVpLly3+FWuaAwUI=
google.golang.org/grpc/examples v0.0.0-20260714060836-b07d146bf847/go.mod h1:Fgm3Q0MFOx7KB6YbgprLb5U+9lMSZum5Da71E+6V67c=
google.golang.org/grpc/examples v0.0.0-20260714205322-f8a85fa4d1de h1:SGJ1LXs2tjj4L25hcCEsIur/pM4WtO9TLdBVOk1ShZw=
google.golang.org/grpc/examples v0.0.0-20260714205322-f8a85fa4d1de/go.mod h1:Fgm3Q0MFOx7KB6YbgprLb5U+9lMSZum5Da71E+6V67c=
google.golang.org/grpc/examples v0.0.0-20260715235706-7d870454ecb2 h1:kLUGHVC3blG/fuGbKpEFByi2LS3OqL4XMLFAsBfUewc=
google.golang.org/grpc/examples v0.0.0-20260715235706-7d870454ecb2/go.mod h1:Fgm3Q0MFOx7KB6YbgprLb5U+9lMSZum5Da71E+6V67c=
google.golang.org/grpc/examples v0.0.0-20260717170606-75f3c0bb2866 h1:74f28e8Wmy3BEplkSH0YdgRpTLn7eJufATMLwsDqCVg=
google.golang.org/grpc/examples v0.0.0-20260717170606-75f3c0bb2866/go.mod h1:Fgm3Q0MFOx7KB6YbgprLb5U+9lMSZum5Da71E+6V67c=
google.golang.org/grpc/examples v0.0.0-20260721174856-506edc46b7a4 h1:rwRaNPHdaN6ngQj1iJ7bmLvXjjHpg+JaVYEg2BUna48=
google.golang.org/grpc/examples v0.0.0-20260721174856-506edc46b7a4/go.mod h1:Fgm3Q0MFOx7KB6YbgprLb5U+9lMSZum5Da71E+6V67c=
google.golang.org/grpc/examples v0.0.0-20260722052243-081051cebab0 h1:PDI6/EmvGtBZvrExoB4RWiP6lJH9GtIFt7WCB0kPsME=
google.golang.org/grpc/examples v0.0.0-20260722052243-081051cebab0/go.mod h1:Fgm3Q0MFOx7KB6YbgprLb5U+9lMSZum5Da71E+6V67c=
google.golang.org/grpc/examples v0.0.0-20260722162835-25387aabbf68 h1:i3qQbMHDx7tuvxWcR4UAK6leXr48mgP+12RU6dUOzk8=
google.golang.org/grpc/examples v0.0.0-20260722162835-25387aabbf68/go.mod h1:Ql7sxJY5VnLpfPM7Insx9uuyf0DTiD9CnMO3WTSU3Dc=
google.golang.org/grpc/examples v0.0.0-20260723093437-b6eac429d7b6 h1:aHcJorxKvxlPHDG3sV6V8hnIUNlntb5s+bIle2hsyOI=
google.golang.org/grpc/examples v0.0.0-20260723093437-b6eac429d7b6/go.mod h1:Ql7sxJY5VnLpfPM7Insx9uuyf0DTiD9CnMO3WTSU3Dc=
google.golang.org/grpc/examples v0.0.0-20260723214846-66565359b648 h1:riGt0spjRgMwGN+8sLDsqPZzygCniNvFDjaCPkwZfFo=
google.golang.org/grpc/examples v0.0.0-20260723214846-66565359b648/go.mod h1:Ql7sxJY5VnLpfPM7Insx9uuyf0DTiD9CnMO3WTSU3Dc=
google.golang.org/grpc/examples v0.0.0-20260724051253-116e945bb68b h1:tz4hK4YWLW50SuuoPVJ83P2m5pEOK26V47RnnSvFCXQ=
google.golang.org/grpc/examples v0.0.0-20260724051253-116e945bb68b/go.mod h1:Ql7sxJY5VnLpfPM7Insx9uuyf0DTiD9CnMO3WTSU3Dc=
google.golang.org/grpc/examples v0.0.0-20260724080903-62a23f6f891c h1:FtTVIbq5Thl5EVyiacRZsfJzFAOYPjG4DokT6gs2NHg=
google.golang.org/grpc/examples v0.0.0-20260724080903-62a23f6f891c/go.mod h1:Ql7sxJY5VnLpfPM7Insx9uuyf0DTiD9CnMO3WTSU3Dc=
google.golang.org/grpc/examples v0.0.0-20260724094440-2cc55737ec5c h1:b3rxkc0kcBHI6uJjsBLMeityYC/d8CUpMobjA/mq0N4=
google.golang.org/grpc/examples v0.0.0-20260724094440-2cc55737ec5c/go.mod h1:Ql7sxJY5VnLpfPM7Insx9uuyf0DTiD9CnMO3WTSU3Dc=
google.golang.org/grpc/examples v0.0.0-20260724202222-2cb274b7aafb h1:E7ReuUaZoiYm4P3vRwl0D52Jiq1sWpfEZ7JcimqJ4bc=
google.golang.org/grpc/examples v0.0.0-20260724202222-2cb274b7aafb/go.mod h1:Ql7sxJY5VnLpfPM7Insx9uuyf0DTiD9CnMO3WTSU3Dc=
google.golang.org/grpc/examples v0.0.0-20260724205224-216640cad739 h1:tB7DbLcJNRVgW/W2kL879nQbCc4bbJJntBZWFgBTCYQ=
google.golang.org/grpc/examples v0.0.0-20260724205224-216640cad739/go.mod h1:Ql7sxJY5VnLpfPM7Insx9uuyf0DTiD9CnMO3WTSU3Dc=
google.golang.org/grpc/examples v0.0.0-20260727215517-622a41d35dcb h1:XYr4h7nckZ35Yx3bHhtRVFVNDcdRaVvmLdC44qvspHQ=
google.golang.org/grpc/examples v0.0.0-20260727215517-622a41d35dcb/go.mod h1:Ql7sxJY5VnLpfPM7Insx9uuyf0DTiD9CnMO3WTSU3Dc=
google.golang.org/grpc/examples v0.0.0-20260728054707-89d4d61eef38 h1:D80tkXMCcmJMPrLEf8T2JpUXpeI0jU0McDW055lH+7s=
google.golang.org/grpc/examples v0.0.0-20260728054707-89d4d61eef38/go.mod h1:Ql7sxJY5VnLpfPM7Insx9uuyf0DTiD9CnMO3WTSU3Dc=
google.golang.org/grpc/examples v0.0.0-20260730060707-ff0b87f86bc6 h1:UBrgvYL/Q1wU/WoRwYztgnbOgsnfzQ2IFJluZElKQPU=
google.golang.org/grpc/examples v0.0.0-20260730060707-ff0b87f86bc6/go.mod h1:Ql7sxJY5VnLpfPM7Insx9uuyf0DTiD9CnMO3WTSU3Dc=
google.golang.org/grpc/examples v0.0.0-20260730072452-6f508fa56def h1:zUpzQDdag8qV+wI2RZSZn83sPxDBls70fhELdNtavKk=
google.golang.org/grpc/examples v0.0.0-20260730072452-6f508fa56def/go.mod h1:Ql7sxJY5VnLpfPM7Insx9uuyf0DTiD9CnMO3WTSU3Dc=
google.golang.org/grpc/examples v0.0.0-20260731095946-0e45140ef07a h1:cIsE7a+zfN+25g86EX4EA2uLRt/3lj4b+zr/p1O7UV0=
google.golang.org/grpc/examples v0.0.0-20260731095946-0e45140ef07a/go.mod h1:Ql7sxJY5VnLpfPM7Insx9uuyf0DTiD9CnMO3WTSU3Dc=
google.golang.org/grpc/examples v0.0.0-20260731173825-d7025c519f50 h1:W2clQQeIMRnAP+Vq+LhCkZZ+4yfVq66m0KPEo/YD0LY=
google.golang.org/grpc/examples v0.0.0-20260731173825-d7025c519f50/go.mod h1:Ql7sxJY5VnLpfPM7Insx9uuyf0DTiD9CnMO3WTSU3Dc=
google.golang.org/grpc/examples v0.0.0-20260731190548-268c99a7676c h1:V4eROfpL4NdcCxCn+TaofUrUvDGAD2Z5N5ueGvqEECs=
google.golang.org/grpc/examples v0.0.0-20260731190548-268c99a7676c/go.mod h1:Ql7sxJY5VnLpfPM7Insx9uuyf0DTiD9CnMO3WTSU3Dc=
google.golang.org/grpc/examples v0.0.0-20260803200420-a620350f3eb2 h1:XYPFLjNAOTgbbDAkJS7xo5GSM4nvgpxb44Z44xODhdE=
google.golang.org/grpc/examples v0.0.0-20260803200420-a620350f3eb2/go.mod h1:Ql7sxJY5VnLpfPM7Insx9uuyf0DTiD9CnMO3WTSU3Dc=
google.golang.org/grpc/examples v0.0.0-20260804061522-8518a5284bdf h1:F6qRtFuUgtgGXIPVksKT62fNhNitb+VY1q+h8krdAws=
google.golang.org/grpc/examples v0.0.0-20260804061522-8518a5284bdf/go.mod h1:Ql7sxJY5VnLpfPM7Insx9uuyf0DTiD9CnMO3WTSU3Dc=
google.golang.org/grpc/examples v0.0.0-20260807194821-1ecbd8695d9d h1:q6X9SueMpJ+gtrcGIKk8cHbnzp6hRcdH4wWx7JCSioA=
google.golang.org/grpc/examples v0.0.0-20260807194821-1ecbd8695d9d/go.mod h1:Ql7sxJY5VnLpfPM7Insx9uuyf0DTiD9CnMO3WTSU3Dc=
google.golang.org/grpc/examples v0.0.0-20260815093716-30ce1d594fa9 h1:H3PTwn/ucQHTyWUV2QxXf5kGuc7/RZCb9X6pbcick5U=
google.golang.org/grpc/examples v0.0.0-20260815093716-30ce1d594fa9/go.mod h1:Ql7sxJY5VnLpfPM7Insx9uuyf0DTiD9CnMO3WTSU3Dc=
google.golang.org/grpc/examples v0.0.0-20260818050025-b6685c50ff98 h1:zUDTiZLHFRV2dQmz0SsqW9gRcXgH7Q/HojhM8WTbQv8=
google.golang.org/grpc/examples v0.0.0-20260818050025-b6685c50ff98/go.mod h1:Ql7sxJY5VnLpfPM7Insx9uuyf0DTiD9CnMO3WTSU3Dc=
google.golang.org/grpc/examples v0.0.0-20260818072608-b6f4ff622ced h1:d9uU8wDgWHPtBJg/T7JqJdlsPy9GeUYPcmMTexo/bTM=
google.golang.org/grpc/examples v0.0.0-20260818072608-b6f4ff622ced/go.mod h1:Sh23gcq9Mo/SkO6+n2pE1w/TqyHldmgkjYZFRCIQWhI=
google.golang.org/grpc/examples v0.0.0-20260818193931-c92e985770b7 h1:Xs3FJGDKeq87OeMwPF5KgBTGghvEysxoKTda1NkZo6o=
google.golang.org/grpc/examples v0.0.0-20260818193931-c92e985770b7/go.mod h1:Sh23gcq9Mo/SkO6+n2pE1w/TqyHldmgkjYZFRCIQWhI=
google.golang.org/grpc/examples v0.0.0-20260819060208-db9482836c29 h1:eqwSXB7WeDs931txvgCO8ZnDjeB8GpUd3W/NolL7Z9c=
google.golang.org/grpc/examples v0.0.0-20260819060208-db9482836c29/go.mod h1:Sh23gcq9Mo/SkO6+n2pE1w/TqyHldmgkjYZFRCIQWhI=
google.golang.org/grpc/examples v0.0.0-20260819195626-ce9c11298be9 h1:b002+2uoSUTibfppR2wg7TWOUeMcs7ayuiTFGMcrPEk=
google.golang.org/grpc/examples v0.0.0-20260819195626-ce9c11298be9/go.mod h1:Sh23gcq9Mo/SkO6+n2pE1w/TqyHldmgkjYZFRCIQWhI=
google.golang.org/grpc/examples v0.0.0-20260819213101-965a6bf33b41 h1:095JKAuldeQBj4gf/jR+YKSUDPP1VbdNCh6ya3P5CC0=
google.golang.org/grpc/examples v0.0.0-20260819213101-965a6bf33b41/go.mod h1:Sh23gcq9Mo/SkO6+n2pE1w/TqyHldmgkjYZFRCIQWhI=
google.golang.org/grpc/examples v0.0.0-20260821081038-ef79129ecf05 h1:L9jcZ17gL63eZfbYJj7+aUP5wabC/imeE0NbbcW9Z4k=
google.golang.org/grpc/examples v0.0.0-20260821081038-ef79129ecf05/go.mod h1:Sh23gcq9Mo/SkO6+n2pE1w/TqyHldmgkjYZFRCIQWhI=
google.golang.org/grpc/examples v0.0.0-20260821183849-75d9091e20fb h1:rCzUFgrJg5mkkKgT2UHdQBzJSKPTJwe8x6boTZaG/UY=
google.golang.org/grpc/examples v0.0.0-20260821183849-75d9091e20fb/go.mod h1:Sh23gcq9Mo/SkO6+n2pE1w/TqyHldmgkjYZFRCIQWhI=
google.golang.org/grpc/examples v0.0.0-20260821202911-4793ad047466 h1:/0rKEDwaxxbELuxv+v1mZzpYN8172iN9+Wjo0hfmlZw=
google.golang.org/grpc/examples v0.0.0-20260821202911-4793ad047466/go.mod h1:Sh23gcq9Mo/SkO6+n2pE1w/TqyHldmgkjYZFRCIQWhI=
google.golang.org/grpc/examples v0.0.0-20260825072537-93e31b48545e h1:VzXwjmR8xBTqIpNfE8PRaS5YQltROw8Q7Yru4zFwGB4=
google.golang.org/grpc/examples v0.0.0-20260825072537-93e31b48545e/go.mod h1:Sh23gcq9Mo/SkO6+n2pE1w/TqyHldmgkjYZFRCIQWhI=
google.golang.org/grpc/examples v0.0.0-20260826220612-eff9d6fe9f3b h1:zjCRRgygRRKwQmFjO84C48YpUeCXrMFwKDWT96CTLHk=
google.golang.org/grpc/examples v0.0.0-20260826220612-eff9d6fe9f3b/go.mod h1:Sh23gcq9Mo/SkO6+n2pE1w/TqyHldmgkjYZFRCIQWhI=
google.golang.org/grpc/examples v0.0.0-20260827041148-664e87d82d84 h1:sVsS7jj5TFhITC+1UXmM7mQ5nJ4aaF53DzwccHf7yB4=
google.golang.org/grpc/examples v0.0.0-20260827041148-664e87d82d84/go.mod h1:Sh23gcq9Mo/SkO6+n2pE1w/TqyHldmgkjYZFRCIQWhI=
google.golang.org/grpc/examples v0.0.0-20260827113940-d3c47cc677f4 h1:BxW4dV6LU0aAzV8fqnWEBG6/mUA8U2M/SSg+Y77zDWg=
google.golang.org/grpc/examples v0.0.0-20260827113940-d3c47cc677f4/go.mod h1:Sh23gcq9Mo/SkO6+n2pE1w/TqyHldmgkjYZFRCIQWhI=
google.golang.org/protobuf v1.36.11 h1:fV6ZwhNocDyBLK0dj+fg8ektcVegBBuEolpbTQyBNVE=
google.golang.org/protobuf v1.36.11/go.mod h1:HTf+CrKn2C3g5S8VImy6tdcUvCska2kB7j23XfzDpco=
google.golang.org/protobuf v1.36.12 h1:pJOKDDOyeXErUroCihFAd5LQuwXBSpVnKGrj5o/fwxc=
google.golang.org/protobuf v1.36.12/go.mod h1:HTf+CrKn2C3g5S8VImy6tdcUvCska2kB7j23XfzDpco=
